
Microsoft Visual Studio Solution File, Format Version 12.00
# Visual Studio Version 16
VisualStudioVersion = 16.0.30413.136
MinimumVisualStudioVersion = 10.0.40219.1
Project("{9A19103F-16F7-4668-BE54-9A1E7A4F7556}") = "SimCorp.IMS.CSharpPrepCourse", "SimCorp.IMS.CSharpPrepCourse\SimCorp.IMS.CSharpPrepCourse.csproj", "{D46E706B-EBD9-4CDA-A3C5-511CA013CBD4}"
EndProject
Global
	GlobalSection(SolutionConfigurationPlatforms) = preSolution
		Debug|Any CPU = Debug|Any CPU
		Release|Any CPU = Release|Any CPU
	EndGlobalSection
	GlobalSection(ProjectConfigurationPlatforms) = postSolution
		{D46E706B-EBD9-4CDA-A3C5-511CA013CBD4}.Debug|Any CPU.ActiveCfg = Debug|Any CPU
		{D46E706B-EBD9-4CDA-A3C5-511CA013CBD4}.Debug|Any CPU.Build.0 = Debug|Any CPU
		{D46E706B-EBD9-4CDA-A3C5-511CA013CBD4}.Release|Any CPU.ActiveCfg = Release|Any CPU
		{D46E706B-EBD9-4CDA-A3C5-511CA013CBD4}.Release|Any CPU.Build.0 = Release|Any CPU
	EndGlobalSection
	GlobalSection(SolutionProperties) = preSolution
		HideSolutionNode = FALSE
	EndGlobalSection
	GlobalSection(ExtensibilityGlobals) = postSolution
		SolutionGuid = {0848CA74-E24A-4258-9AF6-BD3D78AA0C7C}
	EndGlobalSection
EndGlobal
